
Microsoft Visual Studio Solution File, Format Version 12.00
# Visual Studio Version 17
VisualStudioVersion = 17.8.34511.84
MinimumVisualStudioVersion = 10.0.40219.1
Project("{9A19103F-16F7-4668-BE54-9A1E7A4F7556}") = "Shared", "Shared\Shared.csproj", "{BF6FDB6B-11AC-4565-9F29-62C6BE5C39A1}"
EndProject
Project("{9A19103F-16F7-4668-BE54-9A1E7A4F7556}") = "Domain", "Domain\Domain.csproj", "{DAB0C285-DB74-41A8-803A-BC616EBB04EA}"
EndProject
Project("{9A19103F-16F7-4668-BE54-9A1E7A4F7556}") = "Persistence", "Persistence\Persistence.csproj", "{2FE0534F-E976-4C2F-9D38-2B1E543EAA27}"
EndProject
Project("{9A19103F-16F7-4668-BE54-9A1E7A4F7556}") = "Application", "Application\Application.csproj", "{6AC7E4DA-3B06-4C59-ABB0-D20F7C225E04}"
EndProject
Project("{9A19103F-16F7-4668-BE54-9A1E7A4F7556}") = "Web.Api", "Web.Api\Web.Api.csproj", "{3854DD19-0D0B-4708-9D2D-1454185513E3}"
EndProject
Project("{2150E333-8FDC-42A3-9474-1A3956D46DE8}") = "Core", "Core", "{76F28583-AE6F-429C-A8B9-469F7D271429}"
EndProject
Project("{2150E333-8FDC-42A3-9474-1A3956D46DE8}") = "Infrastructure", "Infrastructure", "{63F9ED9C-02F4-4362-A352-09C561DB7500}"
EndProject
Project("{2150E333-8FDC-42A3-9474-1A3956D46DE8}") = "Presentation", "Presentation", "{60DC439C-AE84-488A-91A4-14BF023606F2}"
EndProject
Project("{2150E333-8FDC-42A3-9474-1A3956D46DE8}") = "Tests", "Tests", "{118BE2A5-1185-4F7F-9F9F-59EA511684A7}"
EndProject
Project("{9A19103F-16F7-4668-BE54-9A1E7A4F7556}") = "Test.Application.xUnit", "Test.Application.Xunit\Test.Application.xUnit.csproj", "{34345314-2B1F-4132-9F93-3CD7D43CAC04}"
EndProject
Global
	GlobalSection(SolutionConfigurationPlatforms) = preSolution
		Debug|Any CPU = Debug|Any CPU
		Release|Any CPU = Release|Any CPU
	EndGlobalSection
	GlobalSection(ProjectConfigurationPlatforms) = postSolution
		{BF6FDB6B-11AC-4565-9F29-62C6BE5C39A1}.Debug|Any CPU.ActiveCfg = Debug|Any CPU
		{BF6FDB6B-11AC-4565-9F29-62C6BE5C39A1}.Debug|Any CPU.Build.0 = Debug|Any CPU
		{BF6FDB6B-11AC-4565-9F29-62C6BE5C39A1}.Release|Any CPU.ActiveCfg = Release|Any CPU
		{BF6FDB6B-11AC-4565-9F29-62C6BE5C39A1}.Release|Any CPU.Build.0 = Release|Any CPU
		{DAB0C285-DB74-41A8-803A-BC616EBB04EA}.Debug|Any CPU.ActiveCfg = Debug|Any CPU
		{DAB0C285-DB74-41A8-803A-BC616EBB04EA}.Debug|Any CPU.Build.0 = Debug|Any CPU
		{DAB0C285-DB74-41A8-803A-BC616EBB04EA}.Release|Any CPU.ActiveCfg = Release|Any CPU
		{DAB0C285-DB74-41A8-803A-BC616EBB04EA}.Release|Any CPU.Build.0 = Release|Any CPU
		{2FE0534F-E976-4C2F-9D38-2B1E543EAA27}.Debug|Any CPU.ActiveCfg = Debug|Any CPU
		{2FE0534F-E976-4C2F-9D38-2B1E543EAA27}.Debug|Any CPU.Build.0 = Debug|Any CPU
		{2FE0534F-E976-4C2F-9D38-2B1E543EAA27}.Release|Any CPU.ActiveCfg = Release|Any CPU
		{2FE0534F-E976-4C2F-9D38-2B1E543EAA27}.Release|Any CPU.Build.0 = Release|Any CPU
		{6AC7E4DA-3B06-4C59-ABB0-D20F7C225E04}.Debug|Any CPU.ActiveCfg = Debug|Any CPU
		{6AC7E4DA-3B06-4C59-ABB0-D20F7C225E04}.Debug|Any CPU.Build.0 = Debug|Any CPU
		{6AC7E4DA-3B06-4C59-ABB0-D20F7C225E04}.Release|Any CPU.ActiveCfg = Release|Any CPU
		{6AC7E4DA-3B06-4C59-ABB0-D20F7C225E04}.Release|Any CPU.Build.0 = Release|Any CPU
		{3854DD19-0D0B-4708-9D2D-1454185513E3}.Debug|Any CPU.ActiveCfg = Debug|Any CPU
		{3854DD19-0D0B-4708-9D2D-1454185513E3}.Debug|Any CPU.Build.0 = Debug|Any CPU
		{3854DD19-0D0B-4708-9D2D-1454185513E3}.Release|Any CPU.ActiveCfg = Release|Any CPU
		{3854DD19-0D0B-4708-9D2D-1454185513E3}.Release|Any CPU.Build.0 = Release|Any CPU
		{34345314-2B1F-4132-9F93-3CD7D43CAC04}.Debug|Any CPU.ActiveCfg = Debug|Any CPU
		{34345314-2B1F-4132-9F93-3CD7D43CAC04}.Debug|Any CPU.Build.0 = Debug|Any CPU
		{34345314-2B1F-4132-9F93-3CD7D43CAC04}.Release|Any CPU.ActiveCfg = Release|Any CPU
		{34345314-2B1F-4132-9F93-3CD7D43CAC04}.Release|Any CPU.Build.0 = Release|Any CPU
	EndGlobalSection
	GlobalSection(SolutionProperties) = preSolution
		HideSolutionNode = FALSE
	EndGlobalSection
	GlobalSection(NestedProjects) = preSolution
		{BF6FDB6B-11AC-4565-9F29-62C6BE5C39A1} = {63F9ED9C-02F4-4362-A352-09C561DB7500}
		{DAB0C285-DB74-41A8-803A-BC616EBB04EA} = {76F28583-AE6F-429C-A8B9-469F7D271429}
		{2FE0534F-E976-4C2F-9D38-2B1E543EAA27} = {63F9ED9C-02F4-4362-A352-09C561DB7500}
		{6AC7E4DA-3B06-4C59-ABB0-D20F7C225E04} = {76F28583-AE6F-429C-A8B9-469F7D271429}
		{3854DD19-0D0B-4708-9D2D-1454185513E3} = {60DC439C-AE84-488A-91A4-14BF023606F2}
		{34345314-2B1F-4132-9F93-3CD7D43CAC04} = {118BE2A5-1185-4F7F-9F9F-59EA511684A7}
	EndGlobalSection
	GlobalSection(ExtensibilityGlobals) = postSolution
		SolutionGuid = {4D7A68F2-920A-4DE0-B309-C5EC82F62D6A}
	EndGlobalSection
EndGlobal
